
Microsoft Visual Studio Solution File, Format Version 12.00
# Visual Studio Version 16
VisualStudioVersion = 16.0.30503.244
MinimumVisualStudioVersion = 10.0.40219.1
Project("{FAE04EC0-301F-11D3-BF4B-00C04F79EFBC}") = "ControlViajes", "ControlViajes\ControlViajes.csproj", "{B6310E30-27F7-43EE-A70B-ADDD9AE98175}"
EndProject
Project("{FAE04EC0-301F-11D3-BF4B-00C04F79EFBC}") = "Entidades", "Entidades\Entidades.csproj", "{8DF6290C-77D5-47B3-926A-A730FA9C70E8}"
EndProject
Project("{FAE04EC0-301F-11D3-BF4B-00C04F79EFBC}") = "Logica", "Logica\Logica.csproj", "{3E9C7C8B-FED5-45BF-B807-07D51C302AED}"
EndProject
Global
	GlobalSection(SolutionConfigurationPlatforms) = preSolution
		Debug|Any CPU = Debug|Any CPU
		Release|Any CPU = Release|Any CPU
	EndGlobalSection
	GlobalSection(ProjectConfigurationPlatforms) = postSolution
		{B6310E30-27F7-43EE-A70B-ADDD9AE98175}.Debug|Any CPU.ActiveCfg = Debug|Any CPU
		{B6310E30-27F7-43EE-A70B-ADDD9AE98175}.Debug|Any CPU.Build.0 = Debug|Any CPU
		{B6310E30-27F7-43EE-A70B-ADDD9AE98175}.Release|Any CPU.ActiveCfg = Release|Any CPU
		{B6310E30-27F7-43EE-A70B-ADDD9AE98175}.Release|Any CPU.Build.0 = Release|Any CPU
		{8DF6290C-77D5-47B3-926A-A730FA9C70E8}.Debug|Any CPU.ActiveCfg = Debug|Any CPU
		{8DF6290C-77D5-47B3-926A-A730FA9C70E8}.Debug|Any CPU.Build.0 = Debug|Any CPU
		{8DF6290C-77D5-47B3-926A-A730FA9C70E8}.Release|Any CPU.ActiveCfg = Release|Any CPU
		{8DF6290C-77D5-47B3-926A-A730FA9C70E8}.Release|Any CPU.Build.0 = Release|Any CPU
		{3E9C7C8B-FED5-45BF-B807-07D51C302AED}.Debug|Any CPU.ActiveCfg = Debug|Any CPU
		{3E9C7C8B-FED5-45BF-B807-07D51C302AED}.Debug|Any CPU.Build.0 = Debug|Any CPU
		{3E9C7C8B-FED5-45BF-B807-07D51C302AED}.Release|Any CPU.ActiveCfg = Release|Any CPU
		{3E9C7C8B-FED5-45BF-B807-07D51C302AED}.Release|Any CPU.Build.0 = Release|Any CPU
	EndGlobalSection
	GlobalSection(SolutionProperties) = preSolution
		HideSolutionNode = FALSE
	EndGlobalSection
	GlobalSection(ExtensibilityGlobals) = postSolution
		SolutionGuid = {EC46D565-0580-4986-8EE2-8414E85938FB}
	EndGlobalSection
EndGlobal
